{
  "name": "s3bucket",
  "version": "1.0.0",
  "lockfileVersion": 2,
  "requires": true,
  "packages": {
    "": {
      "name": "s3bucket",
      "version": "1.0.0",
      "license": "ISC",
      "dependencies": {
        "basic-ftp": "^5.0.2"
      },
      "devDependencies": {
        "typescript": "^5.0.3"
      }
    },
    "node_modules/basic-ftp": {
      "version": "5.0.2",
      "resolved": "https://registry.npmjs.org/basic-ftp/-/basic-ftp-5.0.2.tgz",
      "integrity": "sha512-NgkBwqp7rkhIUBaxLwL601lvUuBUvShJocrLYdiyTsH1WeP/wofMdooZ4p6hz+4hqiU59PBOj0EkaqELwFJLuQ==",
      "engines": {
        "node": ">=10.0.0"
      }
    },
    "node_modules/typescript": {
      "version": "5.0.3",
      "resolved": "https://registry.npmjs.org/typescript/-/typescript-5.0.3.tgz",
      "integrity": "sha512-xv8mOEDnigb/tN9PSMTwSEqAnUvkoXMQlicOb0IUVDBSQCgBSaAAROUZYy2IcUy5qU6XajK5jjjO7TMWqBTKZA==",
      "dev": true,
      "bin": {
        "tsc": "bin/tsc",
        "tsserver": "bin/tsserver"
      },
      "engines": {
        "node": ">=12.20"
      }
    }
  },
  "dependencies": {
    "basic-ftp": {
      "version": "5.0.2",
      "resolved": "https://registry.npmjs.org/basic-ftp/-/basic-ftp-5.0.2.tgz",
      "integrity": "sha512-NgkBwqp7rkhIUBaxLwL601lvUuBUvShJocrLYdiyTsH1WeP/wofMdooZ4p6hz+4hqiU59PBOj0EkaqELwFJLuQ=="
    },
    "typescript": {
      "version": "5.0.3",
      "resolved": "https://registry.npmjs.org/typescript/-/typescript-5.0.3.tgz",
      "integrity": "sha512-xv8mOEDnigb/tN9PSMTwSEqAnUvkoXMQlicOb0IUVDBSQCgBSaAAROUZYy2IcUy5qU6XajK5jjjO7TMWqBTKZA==",
      "dev": true
    }
  }
}
